
Microsoft Visual Studio Solution File, Format Version 12.00
# Visual Studio 15
VisualStudioVersion = 15.0.26124.0
MinimumVisualStudioVersion = 15.0.26124.0
Project("{FAE04EC0-301F-11D3-BF4B-00C04F79EFBC}") = "Ataoge.AspnetCore.HttpOverrides", "src\Ataoge.AspnetCore.HttpOverrides\Ataoge.AspnetCore.HttpOverrides.csproj", "{118094A3-7A77-4E07-8DD0-F5404CA2099F}"
EndProject
Project("{2150E333-8FDC-42A3-9474-1A3956D46DE8}") = "src", "src", "{699ECFCD-CC2A-43B8-874A-155723B34923}"
EndProject
Project("{FAE04EC0-301F-11D3-BF4B-00C04F79EFBC}") = "Ataoge.AspNetCore.BasicOverrides", "src\Ataoge.AspNetCore.BasicOverrides\Ataoge.AspNetCore.BasicOverrides.csproj", "{C8DEAE66-E0B7-4D28-AAFE-AB0F525D058E}"
EndProject
Project("{FAE04EC0-301F-11D3-BF4B-00C04F79EFBC}") = "SampleTest", "src\SampleTest\SampleTest.csproj", "{C90670E8-70BF-4F89-AA8B-A60158D2FB31}"
EndProject
Global
	GlobalSection(SolutionConfigurationPlatforms) = preSolution
		Debug|Any CPU = Debug|Any CPU
		Debug|x64 = Debug|x64
		Debug|x86 = Debug|x86
		Release|Any CPU = Release|Any CPU
		Release|x64 = Release|x64
		Release|x86 = Release|x86
	EndGlobalSection
	GlobalSection(SolutionProperties) = preSolution
		HideSolutionNode = FALSE
	EndGlobalSection
	GlobalSection(ProjectConfigurationPlatforms) = postSolution
		{118094A3-7A77-4E07-8DD0-F5404CA2099F}.Debug|Any CPU.ActiveCfg = Debug|Any CPU
		{118094A3-7A77-4E07-8DD0-F5404CA2099F}.Debug|Any CPU.Build.0 = Debug|Any CPU
		{118094A3-7A77-4E07-8DD0-F5404CA2099F}.Debug|x64.ActiveCfg = Debug|x64
		{118094A3-7A77-4E07-8DD0-F5404CA2099F}.Debug|x64.Build.0 = Debug|x64
		{118094A3-7A77-4E07-8DD0-F5404CA2099F}.Debug|x86.ActiveCfg = Debug|x86
		{118094A3-7A77-4E07-8DD0-F5404CA2099F}.Debug|x86.Build.0 = Debug|x86
		{118094A3-7A77-4E07-8DD0-F5404CA2099F}.Release|Any CPU.ActiveCfg = Release|Any CPU
		{118094A3-7A77-4E07-8DD0-F5404CA2099F}.Release|Any CPU.Build.0 = Release|Any CPU
		{118094A3-7A77-4E07-8DD0-F5404CA2099F}.Release|x64.ActiveCfg = Release|x64
		{118094A3-7A77-4E07-8DD0-F5404CA2099F}.Release|x64.Build.0 = Release|x64
		{118094A3-7A77-4E07-8DD0-F5404CA2099F}.Release|x86.ActiveCfg = Release|x86
		{118094A3-7A77-4E07-8DD0-F5404CA2099F}.Release|x86.Build.0 = Release|x86
		{C8DEAE66-E0B7-4D28-AAFE-AB0F525D058E}.Debug|Any CPU.ActiveCfg = Debug|Any CPU
		{C8DEAE66-E0B7-4D28-AAFE-AB0F525D058E}.Debug|Any CPU.Build.0 = Debug|Any CPU
		{C8DEAE66-E0B7-4D28-AAFE-AB0F525D058E}.Debug|x64.ActiveCfg = Debug|Any CPU
		{C8DEAE66-E0B7-4D28-AAFE-AB0F525D058E}.Debug|x64.Build.0 = Debug|Any CPU
		{C8DEAE66-E0B7-4D28-AAFE-AB0F525D058E}.Debug|x86.ActiveCfg = Debug|Any CPU
		{C8DEAE66-E0B7-4D28-AAFE-AB0F525D058E}.Debug|x86.Build.0 = Debug|Any CPU
		{C8DEAE66-E0B7-4D28-AAFE-AB0F525D058E}.Release|Any CPU.ActiveCfg = Release|Any CPU
		{C8DEAE66-E0B7-4D28-AAFE-AB0F525D058E}.Release|Any CPU.Build.0 = Release|Any CPU
		{C8DEAE66-E0B7-4D28-AAFE-AB0F525D058E}.Release|x64.ActiveCfg = Release|Any CPU
		{C8DEAE66-E0B7-4D28-AAFE-AB0F525D058E}.Release|x64.Build.0 = Release|Any CPU
		{C8DEAE66-E0B7-4D28-AAFE-AB0F525D058E}.Release|x86.ActiveCfg = Release|Any CPU
		{C8DEAE66-E0B7-4D28-AAFE-AB0F525D058E}.Release|x86.Build.0 = Release|Any CPU
		{C90670E8-70BF-4F89-AA8B-A60158D2FB31}.Debug|Any CPU.ActiveCfg = Debug|Any CPU
		{C90670E8-70BF-4F89-AA8B-A60158D2FB31}.Debug|Any CPU.Build.0 = Debug|Any CPU
		{C90670E8-70BF-4F89-AA8B-A60158D2FB31}.Debug|x64.ActiveCfg = Debug|Any CPU
		{C90670E8-70BF-4F89-AA8B-A60158D2FB31}.Debug|x64.Build.0 = Debug|Any CPU
		{C90670E8-70BF-4F89-AA8B-A60158D2FB31}.Debug|x86.ActiveCfg = Debug|Any CPU
		{C90670E8-70BF-4F89-AA8B-A60158D2FB31}.Debug|x86.Build.0 = Debug|Any CPU
		{C90670E8-70BF-4F89-AA8B-A60158D2FB31}.Release|Any CPU.ActiveCfg = Release|Any CPU
		{C90670E8-70BF-4F89-AA8B-A60158D2FB31}.Release|Any CPU.Build.0 = Release|Any CPU
		{C90670E8-70BF-4F89-AA8B-A60158D2FB31}.Release|x64.ActiveCfg = Release|Any CPU
		{C90670E8-70BF-4F89-AA8B-A60158D2FB31}.Release|x64.Build.0 = Release|Any CPU
		{C90670E8-70BF-4F89-AA8B-A60158D2FB31}.Release|x86.ActiveCfg = Release|Any CPU
		{C90670E8-70BF-4F89-AA8B-A60158D2FB31}.Release|x86.Build.0 = Release|Any CPU
	EndGlobalSection
	GlobalSection(NestedProjects) = preSolution
		{118094A3-7A77-4E07-8DD0-F5404CA2099F} = {08913918-DECE-4B1E-9C7E-0D6E7FF3C704}
		{C8DEAE66-E0B7-4D28-AAFE-AB0F525D058E} = {699ECFCD-CC2A-43B8-874A-155723B34923}
		{C90670E8-70BF-4F89-AA8B-A60158D2FB31} = {699ECFCD-CC2A-43B8-874A-155723B34923}
	EndGlobalSection
EndGlobal
